
Microsoft Visual Studio Solution File, Format Version 12.00
# Visual Studio 2013
VisualStudioVersion = 12.0.31101.0
MinimumVisualStudioVersion = 10.0.40219.1
Project("{FAE04EC0-301F-11D3-BF4B-00C04F79EFBC}") = "MethodDecorator.Fody", "MethodDecorator.Fody\MethodDecorator.Fody.csproj", "{3B17CFD4-10E7-42DB-88D6-A10680B0BFBE}"
EndProject
Project("{2150E333-8FDC-42A3-9474-1A3956D46DE8}") = "Solution Items", "Solution Items", "{40A4C9F0-C6C6-467D-B076-E9F0EBB4A7B4}"
	ProjectSection(SolutionItems) = preProject
		Fody_ToBeDeleted.txt = Fody_ToBeDeleted.txt
		install.ps1 = install.ps1
		MethodDecorator.Fody.nuspec = MethodDecorator.Fody.nuspec
		README.md = README.md
		uninstall.ps1 = uninstall.ps1
	EndProjectSection
EndProject
Project("{2150E333-8FDC-42A3-9474-1A3956D46DE8}") = "Tests", "Tests", "{CCBB8E3D-9E3C-4FB2-B6BC-67D53DD21437}"
EndProject
Global
	GlobalSection(SolutionConfigurationPlatforms) = preSolution
		Debug|Any CPU = Debug|Any CPU
		Release|Any CPU = Release|Any CPU
	EndGlobalSection
	GlobalSection(ProjectConfigurationPlatforms) = postSolution
		{3B17CFD4-10E7-42DB-88D6-A10680B0BFBE}.Debug|Any CPU.ActiveCfg = Debug|Any CPU
		{3B17CFD4-10E7-42DB-88D6-A10680B0BFBE}.Debug|Any CPU.Build.0 = Debug|Any CPU
		{3B17CFD4-10E7-42DB-88D6-A10680B0BFBE}.Release|Any CPU.ActiveCfg = Release|Any CPU
		{3B17CFD4-10E7-42DB-88D6-A10680B0BFBE}.Release|Any CPU.Build.0 = Release|Any CPU
	EndGlobalSection
	GlobalSection(SolutionProperties) = preSolution
		HideSolutionNode = FALSE
	EndGlobalSection
EndGlobal
