
Microsoft Visual Studio Solution File, Format Version 12.00
# Visual Studio 14
VisualStudioVersion = 14.0.24720.0
MinimumVisualStudioVersion = 10.0.40219.1
Project("{FAE04EC0-301F-11D3-BF4B-00C04F79EFBC}") = "MethodDecorator.Fody", "MethodDecorator.Fody\MethodDecorator.Fody.csproj", "{3B17CFD4-10E7-42DB-88D6-A10680B0BFBE}"
EndProject
Project("{FAE04EC0-301F-11D3-BF4B-00C04F79EFBC}") = "MethodDecorator.Fody.Tests", "MethodDecorator.Fody.Tests\MethodDecorator.Fody.Tests.csproj", "{7EA79DF1-D3E1-4F06-9E1C-D86D14B6469F}"
EndProject
Project("{2150E333-8FDC-42A3-9474-1A3956D46DE8}") = "TestAssemblies", "TestAssemblies", "{274A2E6A-5B50-4D24-862E-86C05F8D89C4}"
EndProject
Project("{FAE04EC0-301F-11D3-BF4B-00C04F79EFBC}") = "SimpleTest", "TestAssemblies\SimpleTest\SimpleTest.csproj", "{A47D69DD-74D6-466F-9A4E-DD0D09BB1E93}"
EndProject
Project("{FAE04EC0-301F-11D3-BF4B-00C04F79EFBC}") = "AnotherAssemblyAttributeContainer", "AnotherAssemblyAttributeContainer\AnotherAssemblyAttributeContainer.csproj", "{1D38DEB2-204D-4DBE-BB03-0FA14F79F5A4}"
EndProject
Project("{FAE04EC0-301F-11D3-BF4B-00C04F79EFBC}") = "MethodDecoratorInterfaces", "MethodDecoratorInterfaces\MethodDecoratorInterfaces.csproj", "{44088DF4-081E-45F6-BEDE-FE33054E8CBD}"
EndProject
Project("{2150E333-8FDC-42A3-9474-1A3956D46DE8}") = "Solution Items", "Solution Items", "{40A4C9F0-C6C6-467D-B076-E9F0EBB4A7B4}"
	ProjectSection(SolutionItems) = preProject
		Fody_ToBeDeleted.txt = Fody_ToBeDeleted.txt
		install.ps1 = install.ps1
		MethodDecoratorEx.Fody.nuspec = MethodDecoratorEx.Fody.nuspec
		README.md = README.md
		uninstall.ps1 = uninstall.ps1
	EndProjectSection
EndProject
Project("{FAE04EC0-301F-11D3-BF4B-00C04F79EFBC}") = "SimpleTest.Net2", "TestAssemblies\SimpleTest.Net2\SimpleTest.Net2.csproj", "{68174FE4-263F-42B4-BB1F-86D77782E396}"
EndProject
Project("{FAE04EC0-301F-11D3-BF4B-00C04F79EFBC}") = "MethodDecorator.Fody.Tests.Net2", "MethodDecorator.Fody.Tests.Net2\MethodDecorator.Fody.Tests.Net2.csproj", "{4CF48B65-6DDC-45E2-8C67-2FCFB4053950}"
EndProject
Global
	GlobalSection(SolutionConfigurationPlatforms) = preSolution
		Debug|Any CPU = Debug|Any CPU
		Release|Any CPU = Release|Any CPU
	EndGlobalSection
	GlobalSection(ProjectConfigurationPlatforms) = postSolution
		{3B17CFD4-10E7-42DB-88D6-A10680B0BFBE}.Debug|Any CPU.ActiveCfg = Debug|Any CPU
		{3B17CFD4-10E7-42DB-88D6-A10680B0BFBE}.Debug|Any CPU.Build.0 = Debug|Any CPU
		{3B17CFD4-10E7-42DB-88D6-A10680B0BFBE}.Release|Any CPU.ActiveCfg = Release|Any CPU
		{3B17CFD4-10E7-42DB-88D6-A10680B0BFBE}.Release|Any CPU.Build.0 = Release|Any CPU
		{7EA79DF1-D3E1-4F06-9E1C-D86D14B6469F}.Debug|Any CPU.ActiveCfg = Debug|Any CPU
		{7EA79DF1-D3E1-4F06-9E1C-D86D14B6469F}.Debug|Any CPU.Build.0 = Debug|Any CPU
		{7EA79DF1-D3E1-4F06-9E1C-D86D14B6469F}.Release|Any CPU.ActiveCfg = Release|Any CPU
		{7EA79DF1-D3E1-4F06-9E1C-D86D14B6469F}.Release|Any CPU.Build.0 = Release|Any CPU
		{A47D69DD-74D6-466F-9A4E-DD0D09BB1E93}.Debug|Any CPU.ActiveCfg = Debug|Any CPU
		{A47D69DD-74D6-466F-9A4E-DD0D09BB1E93}.Debug|Any CPU.Build.0 = Debug|Any CPU
		{A47D69DD-74D6-466F-9A4E-DD0D09BB1E93}.Release|Any CPU.ActiveCfg = Release|Any CPU
		{A47D69DD-74D6-466F-9A4E-DD0D09BB1E93}.Release|Any CPU.Build.0 = Release|Any CPU
		{1D38DEB2-204D-4DBE-BB03-0FA14F79F5A4}.Debug|Any CPU.ActiveCfg = Debug|Any CPU
		{1D38DEB2-204D-4DBE-BB03-0FA14F79F5A4}.Debug|Any CPU.Build.0 = Debug|Any CPU
		{1D38DEB2-204D-4DBE-BB03-0FA14F79F5A4}.Release|Any CPU.ActiveCfg = Release|Any CPU
		{1D38DEB2-204D-4DBE-BB03-0FA14F79F5A4}.Release|Any CPU.Build.0 = Release|Any CPU
		{44088DF4-081E-45F6-BEDE-FE33054E8CBD}.Debug|Any CPU.ActiveCfg = Debug|Any CPU
		{44088DF4-081E-45F6-BEDE-FE33054E8CBD}.Debug|Any CPU.Build.0 = Debug|Any CPU
		{44088DF4-081E-45F6-BEDE-FE33054E8CBD}.Release|Any CPU.ActiveCfg = Release|Any CPU
		{44088DF4-081E-45F6-BEDE-FE33054E8CBD}.Release|Any CPU.Build.0 = Release|Any CPU
		{68174FE4-263F-42B4-BB1F-86D77782E396}.Debug|Any CPU.ActiveCfg = Debug|Any CPU
		{68174FE4-263F-42B4-BB1F-86D77782E396}.Debug|Any CPU.Build.0 = Debug|Any CPU
		{68174FE4-263F-42B4-BB1F-86D77782E396}.Release|Any CPU.ActiveCfg = Release|Any CPU
		{68174FE4-263F-42B4-BB1F-86D77782E396}.Release|Any CPU.Build.0 = Release|Any CPU
		{4CF48B65-6DDC-45E2-8C67-2FCFB4053950}.Debug|Any CPU.ActiveCfg = Debug|Any CPU
		{4CF48B65-6DDC-45E2-8C67-2FCFB4053950}.Debug|Any CPU.Build.0 = Debug|Any CPU
		{4CF48B65-6DDC-45E2-8C67-2FCFB4053950}.Release|Any CPU.ActiveCfg = Release|Any CPU
		{4CF48B65-6DDC-45E2-8C67-2FCFB4053950}.Release|Any CPU.Build.0 = Release|Any CPU
	EndGlobalSection
	GlobalSection(SolutionProperties) = preSolution
		HideSolutionNode = FALSE
	EndGlobalSection
	GlobalSection(NestedProjects) = preSolution
		{A47D69DD-74D6-466F-9A4E-DD0D09BB1E93} = {274A2E6A-5B50-4D24-862E-86C05F8D89C4}
		{1D38DEB2-204D-4DBE-BB03-0FA14F79F5A4} = {274A2E6A-5B50-4D24-862E-86C05F8D89C4}
		{68174FE4-263F-42B4-BB1F-86D77782E396} = {274A2E6A-5B50-4D24-862E-86C05F8D89C4}
	EndGlobalSection
EndGlobal
